
Microsoft Visual Studio Solution File, Format Version 12.00
# Visual Studio Version 16
VisualStudioVersion = 16.0.30907.101
MinimumVisualStudioVersion = 10.0.40219.1
Project("{FAE04EC0-301F-11D3-BF4B-00C04F79EFBC}") = "Subnautica Server - Client", "Subnautica Server - Client\Subnautica Server - Client.csproj", "{BD7EAA25-AE69-483D-BE9A-335C728C206E}"
EndProject
Global
	GlobalSection(SolutionConfigurationPlatforms) = preSolution
		Debug|Any CPU = Debug|Any CPU
		Release|Any CPU = Release|Any CPU
	EndGlobalSection
	GlobalSection(ProjectConfigurationPlatforms) = postSolution
		{BD7EAA25-AE69-483D-BE9A-335C728C206E}.Debug|Any CPU.ActiveCfg = Debug|Any CPU
		{BD7EAA25-AE69-483D-BE9A-335C728C206E}.Debug|Any CPU.Build.0 = Debug|Any CPU
		{BD7EAA25-AE69-483D-BE9A-335C728C206E}.Release|Any CPU.ActiveCfg = Release|Any CPU
		{BD7EAA25-AE69-483D-BE9A-335C728C206E}.Release|Any CPU.Build.0 = Release|Any CPU
	EndGlobalSection
	GlobalSection(SolutionProperties) = preSolution
		HideSolutionNode = FALSE
	EndGlobalSection
	GlobalSection(ExtensibilityGlobals) = postSolution
		SolutionGuid = {8F24BC3D-369C-4CFF-A73B-C0B7D3EE8FEC}
	EndGlobalSection
EndGlobal
